
Microsoft Visual Studio Solution File, Format Version 12.00
# Visual Studio Version 17
VisualStudioVersion = 17.1.32421.90
MinimumVisualStudioVersion = 10.0.40219.1
Project("{FAE04EC0-301F-11D3-BF4B-00C04F79EFBC}") = "Mysys", "Mysys\Mysys.csproj", "{547B1835-99C8-40BC-8E0F-3A0880DECD85}"
EndProject
Global
	GlobalSection(SolutionConfigurationPlatforms) = preSolution
		Debug|Any CPU = Debug|Any CPU
		Release|Any CPU = Release|Any CPU
	EndGlobalSection
	GlobalSection(ProjectConfigurationPlatforms) = postSolution
		{547B1835-99C8-40BC-8E0F-3A0880DECD85}.Debug|Any CPU.ActiveCfg = Debug|Any CPU
		{547B1835-99C8-40BC-8E0F-3A0880DECD85}.Debug|Any CPU.Build.0 = Debug|Any CPU
		{547B1835-99C8-40BC-8E0F-3A0880DECD85}.Release|Any CPU.ActiveCfg = Release|Any CPU
		{547B1835-99C8-40BC-8E0F-3A0880DECD85}.Release|Any CPU.Build.0 = Release|Any CPU
	EndGlobalSection
	GlobalSection(SolutionProperties) = preSolution
		HideSolutionNode = FALSE
	EndGlobalSection
	GlobalSection(ExtensibilityGlobals) = postSolution
		SolutionGuid = {BEFF4760-7335-493A-96AB-5498F3D70CE4}
	EndGlobalSection
EndGlobal
